
Microsoft Visual Studio Solution File, Format Version 12.00
# Visual Studio 2012
Project("{FAE04EC0-301F-11D3-BF4B-00C04F79EFBC}") = "Coffe_Purchasing_Program", "Coffe_Purchasing_Program\Coffe_Purchasing_Program.csproj", "{3EC70A89-86C9-4360-AF96-BD0E0CE2464D}"
EndProject
Global
	GlobalSection(SolutionConfigurationPlatforms) = preSolution
		Debug|Any CPU = Debug|Any CPU
		Release|Any CPU = Release|Any CPU
	EndGlobalSection
	GlobalSection(ProjectConfigurationPlatforms) = postSolution
		{3EC70A89-86C9-4360-AF96-BD0E0CE2464D}.Debug|Any CPU.ActiveCfg = Debug|Any CPU
		{3EC70A89-86C9-4360-AF96-BD0E0CE2464D}.Debug|Any CPU.Build.0 = Debug|Any CPU
		{3EC70A89-86C9-4360-AF96-BD0E0CE2464D}.Release|Any CPU.ActiveCfg = Release|Any CPU
		{3EC70A89-86C9-4360-AF96-BD0E0CE2464D}.Release|Any CPU.Build.0 = Release|Any CPU
	EndGlobalSection
	GlobalSection(SolutionProperties) = preSolution
		HideSolutionNode = FALSE
	EndGlobalSection
EndGlobal
